
Microsoft Visual Studio Solution File, Format Version 12.00
# Visual Studio Version 16
VisualStudioVersion = 16.0.32929.386
MinimumVisualStudioVersion = 10.0.40219.1
Project("{FAE04EC0-301F-11D3-BF4B-00C04F79EFBC}") = "Membuat Class dan Objek", "Membuat Class dan Objek\Membuat Class dan Objek.csproj", "{1F9E030B-CB57-4E29-8B1F-415AB5690914}"
EndProject
Global
	GlobalSection(SolutionConfigurationPlatforms) = preSolution
		Debug|Any CPU = Debug|Any CPU
		Release|Any CPU = Release|Any CPU
	EndGlobalSection
	GlobalSection(ProjectConfigurationPlatforms) = postSolution
		{1F9E030B-CB57-4E29-8B1F-415AB5690914}.Debug|Any CPU.ActiveCfg = Debug|Any CPU
		{1F9E030B-CB57-4E29-8B1F-415AB5690914}.Debug|Any CPU.Build.0 = Debug|Any CPU
		{1F9E030B-CB57-4E29-8B1F-415AB5690914}.Release|Any CPU.ActiveCfg = Release|Any CPU
		{1F9E030B-CB57-4E29-8B1F-415AB5690914}.Release|Any CPU.Build.0 = Release|Any CPU
	EndGlobalSection
	GlobalSection(SolutionProperties) = preSolution
		HideSolutionNode = FALSE
	EndGlobalSection
	GlobalSection(ExtensibilityGlobals) = postSolution
		SolutionGuid = {A2468944-0EF2-49E4-B98F-CCD696075084}
	EndGlobalSection
EndGlobal
